
Microsoft Visual Studio Solution File, Format Version 12.00
# Visual Studio Express 2012 for Windows Phone
Project("{FAE04EC0-301F-11D3-BF4B-00C04F79EFBC}") = "Gymme", "Gymme\Gymme.csproj", "{9917AE4D-3392-4B36-A2D6-92AAB931EA4C}"
EndProject
Project("{FAE04EC0-301F-11D3-BF4B-00C04F79EFBC}") = "Gymme.Data", "Gymme.Data\Gymme.Data.csproj", "{15FEC345-013D-43B9-8218-A254CE202323}"
EndProject
Global
	GlobalSection(SolutionConfigurationPlatforms) = preSolution
		Debug|Any CPU = Debug|Any CPU
		Release|Any CPU = Release|Any CPU
	EndGlobalSection
	GlobalSection(ProjectConfigurationPlatforms) = postSolution
		{9917AE4D-3392-4B36-A2D6-92AAB931EA4C}.Debug|Any CPU.ActiveCfg = Debug|Any CPU
		{9917AE4D-3392-4B36-A2D6-92AAB931EA4C}.Debug|Any CPU.Build.0 = Debug|Any CPU
		{9917AE4D-3392-4B36-A2D6-92AAB931EA4C}.Debug|Any CPU.Deploy.0 = Debug|Any CPU
		{9917AE4D-3392-4B36-A2D6-92AAB931EA4C}.Release|Any CPU.ActiveCfg = Release|Any CPU
		{9917AE4D-3392-4B36-A2D6-92AAB931EA4C}.Release|Any CPU.Build.0 = Release|Any CPU
		{9917AE4D-3392-4B36-A2D6-92AAB931EA4C}.Release|Any CPU.Deploy.0 = Release|Any CPU
		{15FEC345-013D-43B9-8218-A254CE202323}.Debug|Any CPU.ActiveCfg = Debug|Any CPU
		{15FEC345-013D-43B9-8218-A254CE202323}.Debug|Any CPU.Build.0 = Debug|Any CPU
		{15FEC345-013D-43B9-8218-A254CE202323}.Release|Any CPU.ActiveCfg = Release|Any CPU
		{15FEC345-013D-43B9-8218-A254CE202323}.Release|Any CPU.Build.0 = Release|Any CPU
	EndGlobalSection
	GlobalSection(SolutionProperties) = preSolution
		HideSolutionNode = FALSE
	EndGlobalSection
EndGlobal
